
Microsoft Visual Studio Solution File, Format Version 12.00
# Visual Studio Version 16
VisualStudioVersion = 16.0.31729.503
MinimumVisualStudioVersion = 10.0.40219.1
Project("{FAE04EC0-301F-11D3-BF4B-00C04F79EFBC}") = "MyTasksManager", "MyTasksManager\MyTasksManager.csproj", "{F2B325F7-DB6A-420E-8F25-B092875260FF}"
EndProject
Global
	GlobalSection(SolutionConfigurationPlatforms) = preSolution
		Debug|Any CPU = Debug|Any CPU
		Release|Any CPU = Release|Any CPU
	EndGlobalSection
	GlobalSection(ProjectConfigurationPlatforms) = postSolution
		{F2B325F7-DB6A-420E-8F25-B092875260FF}.Debug|Any CPU.ActiveCfg = Debug|Any CPU
		{F2B325F7-DB6A-420E-8F25-B092875260FF}.Debug|Any CPU.Build.0 = Debug|Any CPU
		{F2B325F7-DB6A-420E-8F25-B092875260FF}.Release|Any CPU.ActiveCfg = Release|Any CPU
		{F2B325F7-DB6A-420E-8F25-B092875260FF}.Release|Any CPU.Build.0 = Release|Any CPU
	EndGlobalSection
	GlobalSection(SolutionProperties) = preSolution
		HideSolutionNode = FALSE
	EndGlobalSection
	GlobalSection(ExtensibilityGlobals) = postSolution
		SolutionGuid = {684EE4FE-BF13-47B4-BD44-B6C6A5989276}
	EndGlobalSection
EndGlobal
